<?xml version="1.0" encoding="utf-8"?>
<Project ToolsVersion="4.0" xmlns="http://schemas.microsoft.com/developer/msbuild/2003">
  <ItemGroup>
    <Filter Include="Source Files">
      <UniqueIdentifier>{4FC737F1-C7A5-4376-A066-2A32D752A2FF}</UniqueIdentifier>
      <Extensions>cpp;c;cc;cxx;def;odl;idl;hpj;bat;asm;asmx</Extensions>
    </Filter>
    <Filter Include="Header Files">
      <UniqueIdentifier>{93995380-89BD-4b04-88EB-625FBE52EBFB}</UniqueIdentifier>
      <Extensions>h;hh;hpp;hxx;hm;inl;inc;xsd</Extensions>
    </Filter>
    <Filter Include="Resource Files">
      <UniqueIdentifier>{67DA6AB6-F800-4c08-8B7A-83BB121AAD01}</UniqueIdentifier>
      <Extensions>rc;ico;cur;bmp;dlg;rc2;rct;bin;rgs;gif;jpg;jpeg;jpe;resx;tiff;tif;png;wav;mfcribbon-ms</Extensions>
    </Filter>
  </ItemGroup>
  <ItemGroup>
    <Text Include="ReadMe.txt" />
  </ItemGroup>
  <ItemGroup>
    <ClCompile Include="stdafx.cpp">
      <Filter>Source Files</Filter>
    </ClCompile>
    <ClCompile Include="..\MailSync\DeltaStream.cpp">
      <Filter>Source Files</Filter>
    </ClCompile>
    <ClCompile Include="..\MailSync\GenericException.cpp">
      <Filter>Source Files</Filter>
    </ClCompile>
    <ClCompile Include="..\MailSync\MailProcessor.cpp">
      <Filter>Source Files</Filter>
    </ClCompile>
    <ClCompile Include="..\MailSync\MailStore.cpp">
      <Filter>Source Files</Filter>
    </ClCompile>
    <ClCompile Include="..\MailSync\MailStoreTransaction.cpp">
      <Filter>Source Files</Filter>
    </ClCompile>
    <ClCompile Include="..\MailSync\MailUtils.cpp">
      <Filter>Source Files</Filter>
    </ClCompile>
    <ClCompile Include="..\MailSync\main.cpp">
      <Filter>Source Files</Filter>
    </ClCompile>
    <ClCompile Include="..\MailSync\MetadataExpirationWorker.cpp">
      <Filter>Source Files</Filter>
    </ClCompile>
    <ClCompile Include="..\MailSync\MetadataWorker.cpp">
      <Filter>Source Files</Filter>
    </ClCompile>
    <ClCompile Include="..\MailSync\NetworkRequestUtils.cpp">
      <Filter>Source Files</Filter>
    </ClCompile>
    <ClCompile Include="..\MailSync\ProgressCollectors.cpp">
      <Filter>Source Files</Filter>
    </ClCompile>
    <ClCompile Include="..\MailSync\Query.cpp">
      <Filter>Source Files</Filter>
    </ClCompile>
    <ClCompile Include="..\MailSync\SyncException.cpp">
      <Filter>Source Files</Filter>
    </ClCompile>
    <ClCompile Include="..\MailSync\SyncWorker.cpp">
      <Filter>Source Files</Filter>
    </ClCompile>
    <ClCompile Include="..\MailSync\TaskProcessor.cpp">
      <Filter>Source Files</Filter>
    </ClCompile>
    <ClCompile Include="..\MailSync\ThreadUtils.cpp">
      <Filter>Source Files</Filter>
    </ClCompile>
    <ClCompile Include="..\MailSync\XOAuth2TokenManager.cpp">
      <Filter>Source Files</Filter>
    </ClCompile>
    <ClCompile Include="..\MailSync\Models\Account.cpp">
      <Filter>Source Files</Filter>
    </ClCompile>
    <ClCompile Include="..\MailSync\Models\Contact.cpp">
      <Filter>Source Files</Filter>
    </ClCompile>
    <ClCompile Include="..\MailSync\Models\File.cpp">
      <Filter>Source Files</Filter>
    </ClCompile>
    <ClCompile Include="..\MailSync\Models\Folder.cpp">
      <Filter>Source Files</Filter>
    </ClCompile>
    <ClCompile Include="..\MailSync\Models\Identity.cpp">
      <Filter>Source Files</Filter>
    </ClCompile>
    <ClCompile Include="..\MailSync\Models\Calendar.cpp">
      <Filter>Source Files</Filter>
    </ClCompile>
    <ClCompile Include="..\MailSync\Models\Event.cpp">
      <Filter>Source Files</Filter>
    </ClCompile>
    <ClCompile Include="..\MailSync\Models\Label.cpp">
      <Filter>Source Files</Filter>
    </ClCompile>
    <ClCompile Include="..\MailSync\Models\MailModel.cpp">
      <Filter>Source Files</Filter>
    </ClCompile>
    <ClCompile Include="..\MailSync\Models\Message.cpp">
      <Filter>Source Files</Filter>
    </ClCompile>
    <ClCompile Include="..\MailSync\Models\Task.cpp">
      <Filter>Source Files</Filter>
    </ClCompile>
    <ClCompile Include="..\MailSync\Models\Thread.cpp">
      <Filter>Source Files</Filter>
    </ClCompile>
    <ClCompile Include="..\Vendor\SQLiteCpp\src\Backup.cpp">
      <Filter>Source Files</Filter>
    </ClCompile>
    <ClCompile Include="..\Vendor\SQLiteCpp\src\Column.cpp">
      <Filter>Source Files</Filter>
    </ClCompile>
    <ClCompile Include="..\Vendor\SQLiteCpp\src\Database.cpp">
      <Filter>Source Files</Filter>
    </ClCompile>
    <ClCompile Include="..\Vendor\SQLiteCpp\src\Exception.cpp">
      <Filter>Source Files</Filter>
    </ClCompile>
    <ClCompile Include="..\Vendor\SQLiteCpp\src\Statement.cpp">
      <Filter>Source Files</Filter>
    </ClCompile>
    <ClCompile Include="..\Vendor\SQLiteCpp\src\Transaction.cpp">
      <Filter>Source Files</Filter>
    </ClCompile>
    <ClCompile Include="..\Vendor\SQLiteCpp\sqlite3\sqlite3.c">
      <Filter>Source Files</Filter>
    </ClCompile>
    <ClCompile Include="..\Vendor\StanfordCPPLib\error.cpp">
      <Filter>Source Files</Filter>
    </ClCompile>
    <ClCompile Include="..\Vendor\StanfordCPPLib\exceptions.cpp">
      <Filter>Source Files</Filter>
    </ClCompile>
    <ClCompile Include="..\Vendor\StanfordCPPLib\filelib.cpp">
      <Filter>Source Files</Filter>
    </ClCompile>
    <ClCompile Include="..\Vendor\StanfordCPPLib\platform.cpp">
      <Filter>Source Files</Filter>
    </ClCompile>
    <ClCompile Include="..\Vendor\StanfordCPPLib\simpio.cpp">
      <Filter>Source Files</Filter>
    </ClCompile>
    <ClCompile Include="..\Vendor\StanfordCPPLib\strlib.cpp">
      <Filter>Source Files</Filter>
    </ClCompile>
    <ClCompile Include="..\Vendor\StanfordCPPLib\stacktrace\call_stack_windows.cpp">
      <Filter>Source Files</Filter>
    </ClCompile>
    <ClCompile Include="..\MailSync\DavXML.cpp">
      <Filter>Source Files</Filter>
    </ClCompile>
    <ClCompile Include="..\Vendor\icalendarlib\date.cpp">
      <Filter>Source Files</Filter>
    </ClCompile>
    <ClCompile Include="..\Vendor\icalendarlib\icalendar.cpp">
      <Filter>Source Files</Filter>
    </ClCompile>
    <ClCompile Include="..\Vendor\icalendarlib\types.cpp">
      <Filter>Source Files</Filter>
    </ClCompile>
    <ClCompile Include="..\MailSync\DAVUtils.cpp">
      <Filter>Source Files</Filter>
    </ClCompile>
    <ClCompile Include="..\MailSync\DAVWorker.cpp">
      <Filter>Source Files</Filter>
    </ClCompile>
    <ClCompile Include="..\MailSync\GoogleContactsWorker.cpp">
      <Filter>Source Files</Filter>
    </ClCompile>
    <ClCompile Include="..\MailSync\Models\ContactBook.cpp">
      <Filter>Source Files</Filter>
    </ClCompile>
    <ClCompile Include="..\MailSync\Models\ContactGroup.cpp">
      <Filter>Source Files</Filter>
    </ClCompile>
    <ClCompile Include="..\MailSync\VCard.cpp">
      <Filter>Source Files</Filter>
    </ClCompile>
    <ClCompile Include="..\Vendor\StanfordCPPLib\stacktrace\call_stack_gcc.cpp">
      <Filter>Source Files</Filter>
    </ClCompile>
  </ItemGroup>
  <ItemGroup>
    <ClInclude Include="dbg.h">
      <Filter>Source Files</Filter>
    </ClInclude>
  </ItemGroup>
</Project>