<?xml version="1.0" encoding="UTF-8"?>
<Scheme
   LastUpgradeVersion = "0830"
   version = "1.3">
   <BuildAction
      parallelizeBuildables = "YES"
      buildImplicitDependencies = "YES">
      <BuildActionEntries>
         <BuildActionEntry
            buildForTesting = "YES"
            buildForRunning = "YES"
            buildForProfiling = "YES"
            buildForArchiving = "YES"
            buildForAnalyzing = "YES">
            <BuildableReference
               BuildableIdentifier = "primary"
               BlueprintIdentifier = "4364892F1EF2E905007816EC"
               BuildableName = "mailsync"
               BlueprintName = "mailsync"
               ReferencedContainer = "container:MailSync.xcodeproj">
            </BuildableReference>
         </BuildActionEntry>
      </BuildActionEntries>
   </BuildAction>
   <TestAction
      buildConfiguration = "Debug"
      selectedDebuggerIdentifier = "Xcode.DebuggerFoundation.Debugger.LLDB"
      selectedLauncherIdentifier = "Xcode.DebuggerFoundation.Launcher.LLDB"
      shouldUseLaunchSchemeArgsEnv = "YES">
      <Testables>
      </Testables>
      <MacroExpansion>
         <BuildableReference
            BuildableIdentifier = "primary"
            BlueprintIdentifier = "4364892F1EF2E905007816EC"
            BuildableName = "mailsync"
            BlueprintName = "mailsync"
            ReferencedContainer = "container:MailSync.xcodeproj">
         </BuildableReference>
      </MacroExpansion>
      <AdditionalOptions>
      </AdditionalOptions>
   </TestAction>
   <LaunchAction
      buildConfiguration = "Debug"
      selectedDebuggerIdentifier = "Xcode.DebuggerFoundation.Debugger.LLDB"
      selectedLauncherIdentifier = "Xcode.DebuggerFoundation.Launcher.LLDB"
      launchStyle = "0"
      useCustomWorkingDirectory = "NO"
      ignoresPersistentStateOnLaunch = "NO"
      debugDocumentVersioning = "YES"
      debugServiceExtension = "internal"
      allowLocationSimulation = "YES">
      <BuildableProductRunnable
         runnableDebuggingMode = "0">
         <BuildableReference
            BuildableIdentifier = "primary"
            BlueprintIdentifier = "4364892F1EF2E905007816EC"
            BuildableName = "mailsync"
            BlueprintName = "mailsync"
            ReferencedContainer = "container:MailSync.xcodeproj">
         </BuildableReference>
      </BuildableProductRunnable>
      <CommandLineArguments>
         <CommandLineArgument
            argument = "--mode calendar"
            isEnabled = "YES">
         </CommandLineArgument>
         <CommandLineArgument
            argument = "--verbose"
            isEnabled = "NO">
         </CommandLineArgument>
         <CommandLineArgument
            argument = "--identity &apos;{&quot;id&quot;:&quot;2137538a-6cb1-4c1f-b593-deb6103cf88b&quot;,&quot;firstName&quot;:&quot;Ben&quot;,&quot;lastName&quot;:&quot;Gotow&quot;,&quot;emailAddress&quot;:&quot;bengotow@gmail.com&quot;,&quot;object&quot;:&quot;identity&quot;,&quot;createdAt&quot;:&quot;2017-09-27T19:41:39.000Z&quot;,&quot;stripePlan&quot;:&quot;Pro&quot;,&quot;stripePlanEffective&quot;:&quot;Pro&quot;,&quot;stripeCustomerId&quot;:&quot;cus_BTirmAoLQVSnSO&quot;,&quot;stripePeriodEnd&quot;:&quot;2017-11-03T20:06:09.000Z&quot;,&quot;featureUsage&quot;:{&quot;snooze&quot;:{&quot;quota&quot;:99999,&quot;period&quot;:&quot;weekly&quot;,&quot;usedInPeriod&quot;:0,&quot;featureLimitName&quot;:&quot;pro&quot;},&quot;send-later&quot;:{&quot;quota&quot;:99999,&quot;period&quot;:&quot;weekly&quot;,&quot;usedInPeriod&quot;:0,&quot;featureLimitName&quot;:&quot;pro&quot;},&quot;contact-profiles&quot;:{&quot;quota&quot;:500,&quot;period&quot;:&quot;weekly&quot;,&quot;usedInPeriod&quot;:21,&quot;featureLimitName&quot;:&quot;pro&quot;},&quot;send-reminders&quot;:{&quot;quota&quot;:99999,&quot;period&quot;:&quot;weekly&quot;,&quot;usedInPeriod&quot;:0,&quot;featureLimitName&quot;:&quot;pro&quot;}},&quot;token&quot;:&quot;b7670d34-d4d4-4391-9757-a8d37f31f839&quot;}&apos;"
            isEnabled = "YES">
         </CommandLineArgument>
         <CommandLineArgument
            argument = "--orphan"
            isEnabled = "NO">
         </CommandLineArgument>
         <CommandLineArgument
            argument = "--mode migrate"
            isEnabled = "NO">
         </CommandLineArgument>
         <CommandLineArgument
            argument = "--mode test"
            isEnabled = "NO">
         </CommandLineArgument>
         <CommandLineArgument
            argument = "--account &apos;{&quot;id&quot;:&quot;5b33db9b&quot;,&quot;metadata&quot;:[],&quot;name&quot;:&quot;Ben Gotow (Careless)&quot;,&quot;provider&quot;:&quot;gmail&quot;,&quot;emailAddress&quot;:&quot;careless@foundry376.com&quot;,&quot;settings&quot;:{&quot;imap_allow_insecure_ssl&quot;:false,&quot;imap_host&quot;:&quot;imap.gmail.com&quot;,&quot;imap_port&quot;:&quot;993&quot;,&quot;imap_security&quot;:&quot;SSL / TLS&quot;,&quot;imap_username&quot;:&quot;careless@foundry376.com&quot;,&quot;smtp_allow_insecure_ssl&quot;:false,&quot;smtp_host&quot;:&quot;smtp.gmail.com&quot;,&quot;smtp_port&quot;:&quot;465&quot;,&quot;smtp_security&quot;:&quot;SSL / TLS&quot;,&quot;smtp_username&quot;:&quot;careless@foundry376.com&quot;,&quot;refresh_token&quot;:&quot;1/EFleGFaZwzg9HHXtPFg2qqheBaZ0a--eHhkTvr25qKU&quot;},&quot;label&quot;:&quot;careless@foundry376.com&quot;,&quot;aliases&quot;:[],&quot;syncState&quot;:&quot;ok&quot;,&quot;__cls&quot;:&quot;Account&quot;}&apos;"
            isEnabled = "YES">
         </CommandLineArgument>
      </CommandLineArguments>
      <EnvironmentVariables>
         <EnvironmentVariable
            key = "CONFIG_DIR_PATH"
            value = "/Users/bengotow/Library/Application Support/Mailspring-dev"
            isEnabled = "YES">
         </EnvironmentVariable>
         <EnvironmentVariable
            key = "IDENTITY_SERVER"
            value = "https://id.getmailspring.com"
            isEnabled = "YES">
         </EnvironmentVariable>
      </EnvironmentVariables>
      <AdditionalOptions>
      </AdditionalOptions>
   </LaunchAction>
   <ProfileAction
      buildConfiguration = "Release"
      shouldUseLaunchSchemeArgsEnv = "YES"
      savedToolIdentifier = ""
      useCustomWorkingDirectory = "NO"
      debugDocumentVersioning = "YES">
      <BuildableProductRunnable
         runnableDebuggingMode = "0">
         <BuildableReference
            BuildableIdentifier = "primary"
            BlueprintIdentifier = "4364892F1EF2E905007816EC"
            BuildableName = "mailsync"
            BlueprintName = "mailsync"
            ReferencedContainer = "container:MailSync.xcodeproj">
         </BuildableReference>
      </BuildableProductRunnable>
   </ProfileAction>
   <AnalyzeAction
      buildConfiguration = "Debug">
   </AnalyzeAction>
   <ArchiveAction
      buildConfiguration = "Release"
      revealArchiveInOrganizer = "YES">
   </ArchiveAction>
</Scheme>
