<?xml version="1.0" encoding="UTF-8"?>
<Scheme
   LastUpgradeVersion = "0830"
   version = "1.3">
   <BuildAction
      parallelizeBuildables = "YES"
      buildImplicitDependencies = "YES">
      <BuildActionEntries>
         <BuildActionEntry
            buildForTesting = "YES"
            buildForRunning = "YES"
            buildForProfiling = "YES"
            buildForArchiving = "YES"
            buildForAnalyzing = "YES">
            <BuildableReference
               BuildableIdentifier = "primary"
               BlueprintIdentifier = "4364892F1EF2E905007816EC"
               BuildableName = "mailsync"
               BlueprintName = "mailsync"
               ReferencedContainer = "container:MailSync.xcodeproj">
            </BuildableReference>
         </BuildActionEntry>
      </BuildActionEntries>
   </BuildAction>
   <TestAction
      buildConfiguration = "Debug"
      selectedDebuggerIdentifier = "Xcode.DebuggerFoundation.Debugger.LLDB"
      selectedLauncherIdentifier = "Xcode.DebuggerFoundation.Launcher.LLDB"
      shouldUseLaunchSchemeArgsEnv = "YES">
      <Testables>
      </Testables>
      <MacroExpansion>
         <BuildableReference
            BuildableIdentifier = "primary"
            BlueprintIdentifier = "4364892F1EF2E905007816EC"
            BuildableName = "mailsync"
            BlueprintName = "mailsync"
            ReferencedContainer = "container:MailSync.xcodeproj">
         </BuildableReference>
      </MacroExpansion>
      <AdditionalOptions>
      </AdditionalOptions>
   </TestAction>
   <LaunchAction
      buildConfiguration = "Debug"
      selectedDebuggerIdentifier = "Xcode.DebuggerFoundation.Debugger.LLDB"
      selectedLauncherIdentifier = "Xcode.DebuggerFoundation.Launcher.LLDB"
      launchStyle = "0"
      useCustomWorkingDirectory = "NO"
      ignoresPersistentStateOnLaunch = "NO"
      debugDocumentVersioning = "YES"
      debugServiceExtension = "internal"
      allowLocationSimulation = "YES">
      <BuildableProductRunnable
         runnableDebuggingMode = "0">
         <BuildableReference
            BuildableIdentifier = "primary"
            BlueprintIdentifier = "4364892F1EF2E905007816EC"
            BuildableName = "mailsync"
            BlueprintName = "mailsync"
            ReferencedContainer = "container:MailSync.xcodeproj">
         </BuildableReference>
      </BuildableProductRunnable>
      <CommandLineArguments>
         <CommandLineArgument
            argument = "--mode sync"
            isEnabled = "YES">
         </CommandLineArgument>
         <CommandLineArgument
            argument = "--identity &apos;{&quot;firstName&quot;:&quot;Ben&quot;, &quot;lastName&quot;:&quot;Gotow&quot;, &quot;emailAddress&quot;:&quot;bengotow@gmail.com&quot;, &quot;token&quot;:&quot;50889f49-cb50-41d8-b314-d2bd8d4f4da6&quot;}&apos;"
            isEnabled = "YES">
         </CommandLineArgument>
         <CommandLineArgument
            argument = "--orphan"
            isEnabled = "YES">
         </CommandLineArgument>
         <CommandLineArgument
            argument = "--mode migrate"
            isEnabled = "NO">
         </CommandLineArgument>
         <CommandLineArgument
            argument = "--mode test"
            isEnabled = "NO">
         </CommandLineArgument>
         <CommandLineArgument
            argument = "--account &apos;{&quot;id&quot;:&quot;temp&quot;,&quot;settings&quot;:{&quot;imap_username&quot;:&quot;cypresstest@yahoo.com&quot;, &quot;imap_password&quot;: &quot;IHate2Gmail&quot;, &quot;imap_host&quot;:&quot;imap.mail.yahoo.com&quot;, &quot;imap_port&quot;: 993}}&apos;"
            isEnabled = "NO">
         </CommandLineArgument>
         <CommandLineArgument
            argument = "--account &apos;{&quot;cloudToken&quot;:&quot;c9bab491-d1dc-4041-b524-b3d8da4c6230&quot;, &quot;id&quot;:&quot;52a98cd3c863107b2af85126eaf6229082227d56a777b39a3240dd982ce9d8f9&quot;,&quot;metadata&quot;:[],&quot;name&quot;:&quot;Ben Gotow&quot;,&quot;provider&quot;:&quot;imap&quot;,&quot;emailAddress&quot;:&quot;bengotow@gmail.com&quot;,&quot;settings&quot;:{&quot;imap_allow_insecure_ssl&quot;:false,&quot;imap_host&quot;:&quot;imap.gmail.com&quot;,&quot;imap_port&quot;:993,&quot;imap_security&quot;:&quot;SSL / TLS&quot;,&quot;imap_username&quot;:&quot;bengotow@gmail.com&quot;,&quot;smtp_allow_insecure_ssl&quot;:false,&quot;smtp_host&quot;:&quot;smtp.gmail.com&quot;,&quot;smtp_port&quot;:465,&quot;smtp_security&quot;:&quot;SSL / TLS&quot;,&quot;smtp_username&quot;:&quot;bengotow@gmail.com&quot;,&quot;imap_password&quot;:&quot;kvaiewqwhdzcgmbh&quot;, &quot;smtp_password&quot;:&quot;kvaiewqwhdzcgmbh&quot;},&quot;label&quot;:&quot;bengotow@gmail.com&quot;,&quot;aliases&quot;:[],&quot;syncState&quot;:&quot;running&quot;,&quot;__cls&quot;:&quot;Account&quot;}&apos;"
            isEnabled = "NO">
         </CommandLineArgument>
         <CommandLineArgument
            argument = "--account &apos;{&quot;cloudToken&quot;:&quot;9d8d0f08-ccc5-4dea-af5e-0856d154ab00&quot;, &quot;id&quot;:&quot;d14adce38d20541a7338444bbc74ee9bbb8dde362ac2a2bcbb42e8d4670824db&quot;,&quot;metadata&quot;:[],&quot;name&quot;:&quot;Ben Gotow&quot;,&quot;provider&quot;:&quot;gmail&quot;,&quot;emailAddress&quot;:&quot;ben@foundry376.com&quot;,&quot;settings&quot;:{&quot;imap_username&quot;:&quot;ben@foundry376.com&quot;,&quot;smtp_username&quot;:&quot;ben@foundry376.com&quot;,&quot;imap_host&quot;:&quot;imap.gmail.com&quot;,&quot;imap_port&quot;:&quot;993&quot;,&quot;imap_security&quot;:&quot;SSL / TLS&quot;,&quot;imap_user_format&quot;:&quot;email&quot;,&quot;smtp_host&quot;:&quot;smtp.gmail.com&quot;,&quot;smtp_port&quot;:&quot;465&quot;,&quot;smtp_security&quot;:&quot;SSL / TLS&quot;,&quot;smtp_user_format&quot;:&quot;email&quot;,&quot;xoauth_refresh_token&quot;:&quot;1/xbpjpK7K00LkD_6bW4rX258K0RH7XGmrftPYWusdTBKXzpZkkgLsKB_w4lOJPjqN&quot;},&quot;label&quot;:&quot;ben@foundry376.com&quot;,&quot;aliases&quot;:[],&quot;syncState&quot;:&quot;running&quot;,&quot;__cls&quot;:&quot;Account&quot;}&apos;"
            isEnabled = "YES">
         </CommandLineArgument>
      </CommandLineArguments>
      <EnvironmentVariables>
         <EnvironmentVariable
            key = "ACCOUNTS_SERVER"
            value = "http://Bens-MacBook-Pro.local:5100"
            isEnabled = "YES">
         </EnvironmentVariable>
         <EnvironmentVariable
            key = "CONFIG_DIR_PATH"
            value = "/Users/bengotow/Library/Application Support/Merani-dev"
            isEnabled = "YES">
         </EnvironmentVariable>
         <EnvironmentVariable
            key = "IDENTITY_SERVER"
            value = "http://Bens-MacBook-Pro.local:5101"
            isEnabled = "YES">
         </EnvironmentVariable>
      </EnvironmentVariables>
      <AdditionalOptions>
      </AdditionalOptions>
   </LaunchAction>
   <ProfileAction
      buildConfiguration = "Release"
      shouldUseLaunchSchemeArgsEnv = "YES"
      savedToolIdentifier = ""
      useCustomWorkingDirectory = "NO"
      debugDocumentVersioning = "YES">
      <BuildableProductRunnable
         runnableDebuggingMode = "0">
         <BuildableReference
            BuildableIdentifier = "primary"
            BlueprintIdentifier = "4364892F1EF2E905007816EC"
            BuildableName = "mailsync"
            BlueprintName = "mailsync"
            ReferencedContainer = "container:MailSync.xcodeproj">
         </BuildableReference>
      </BuildableProductRunnable>
   </ProfileAction>
   <AnalyzeAction
      buildConfiguration = "Debug">
   </AnalyzeAction>
   <ArchiveAction
      buildConfiguration = "Release"
      revealArchiveInOrganizer = "YES">
   </ArchiveAction>
</Scheme>
