<?xml version="1.0" encoding="UTF-8"?>
<Scheme
   LastUpgradeVersion = "0830"
   version = "1.3">
   <BuildAction
      parallelizeBuildables = "YES"
      buildImplicitDependencies = "YES">
      <BuildActionEntries>
         <BuildActionEntry
            buildForTesting = "YES"
            buildForRunning = "YES"
            buildForProfiling = "YES"
            buildForArchiving = "YES"
            buildForAnalyzing = "YES">
            <BuildableReference
               BuildableIdentifier = "primary"
               BlueprintIdentifier = "4364892F1EF2E905007816EC"
               BuildableName = "mailsync"
               BlueprintName = "mailsync"
               ReferencedContainer = "container:MailSync.xcodeproj">
            </BuildableReference>
         </BuildActionEntry>
      </BuildActionEntries>
   </BuildAction>
   <TestAction
      buildConfiguration = "Debug"
      selectedDebuggerIdentifier = "Xcode.DebuggerFoundation.Debugger.LLDB"
      selectedLauncherIdentifier = "Xcode.DebuggerFoundation.Launcher.LLDB"
      shouldUseLaunchSchemeArgsEnv = "YES">
      <Testables>
      </Testables>
      <MacroExpansion>
         <BuildableReference
            BuildableIdentifier = "primary"
            BlueprintIdentifier = "4364892F1EF2E905007816EC"
            BuildableName = "mailsync"
            BlueprintName = "mailsync"
            ReferencedContainer = "container:MailSync.xcodeproj">
         </BuildableReference>
      </MacroExpansion>
      <AdditionalOptions>
      </AdditionalOptions>
   </TestAction>
   <LaunchAction
      buildConfiguration = "Debug"
      selectedDebuggerIdentifier = "Xcode.DebuggerFoundation.Debugger.LLDB"
      selectedLauncherIdentifier = "Xcode.DebuggerFoundation.Launcher.LLDB"
      launchStyle = "0"
      useCustomWorkingDirectory = "NO"
      ignoresPersistentStateOnLaunch = "NO"
      debugDocumentVersioning = "YES"
      debugServiceExtension = "internal"
      allowLocationSimulation = "YES">
      <BuildableProductRunnable
         runnableDebuggingMode = "0">
         <BuildableReference
            BuildableIdentifier = "primary"
            BlueprintIdentifier = "4364892F1EF2E905007816EC"
            BuildableName = "mailsync"
            BlueprintName = "mailsync"
            ReferencedContainer = "container:MailSync.xcodeproj">
         </BuildableReference>
      </BuildableProductRunnable>
      <CommandLineArguments>
         <CommandLineArgument
            argument = "--mode sync"
            isEnabled = "YES">
         </CommandLineArgument>
         <CommandLineArgument
            argument = "--identity &apos;{&quot;firstName&quot;:&quot;Ben&quot;, &quot;lastName&quot;:&quot;Gotow&quot;, &quot;emailAddress&quot;:&quot;bengotow@gmail.com&quot;, &quot;token&quot;:&quot;63bf09f8-1277-4bef-b311-c4630c677c7c&quot;}&apos;"
            isEnabled = "YES">
         </CommandLineArgument>
         <CommandLineArgument
            argument = "--orphan"
            isEnabled = "NO">
         </CommandLineArgument>
         <CommandLineArgument
            argument = "--mode migrate"
            isEnabled = "NO">
         </CommandLineArgument>
         <CommandLineArgument
            argument = "--mode test"
            isEnabled = "NO">
         </CommandLineArgument>
         <CommandLineArgument
            argument = "--account &apos;{&quot;id&quot;:&quot;6bde55d600e226ae009c0886dbaae918586f9aeffacad25c9245b22e9858a460&quot;,&quot;metadata&quot;:[],&quot;name&quot;:&quot;Ben Gotow&quot;,&quot;provider&quot;:&quot;imap&quot;,&quot;emailAddress&quot;:&quot;bengotow@gmail.com&quot;,&quot;settings&quot;:{&quot;imap_allow_insecure_ssl&quot;:false,&quot;imap_host&quot;:&quot;imap.gmail.com&quot;,&quot;imap_port&quot;:993,&quot;imap_security&quot;:&quot;SSL / TLS&quot;,&quot;imap_username&quot;:&quot;bengotow@gmail.com&quot;,&quot;smtp_allow_insecure_ssl&quot;:false,&quot;smtp_host&quot;:&quot;smtp.gmail.com&quot;,&quot;smtp_port&quot;:465,&quot;smtp_security&quot;:&quot;SSL / TLS&quot;,&quot;smtp_username&quot;:&quot;bengotow@gmail.com&quot;,&quot;imap_password&quot;:&quot;kvaiewqwhdzcgmbh&quot;,&quot;smtp_password&quot;:&quot;kvaiewqwhdzcgmbh&quot;},&quot;label&quot;:&quot;bengotow@gmail.com&quot;,&quot;aliases&quot;:[],&quot;syncState&quot;:&quot;ok&quot;,&quot;syncError&quot;:null,&quot;__cls&quot;:&quot;Account&quot;}&apos;"
            isEnabled = "YES">
         </CommandLineArgument>
         <CommandLineArgument
            argument = "--account &apos;{&quot;id&quot;:&quot;b1f50c49eb4c2559221ce04bbaa7e9844c014f8be3c1b4b4efba13ea385e2b64&quot;,&quot;metadata&quot;:[],&quot;name&quot;:&quot;Ben Gotow&quot;,&quot;provider&quot;:&quot;gmail&quot;,&quot;emailAddress&quot;:&quot;ben@foundry376.com&quot;,&quot;settings&quot;:{&quot;imap_allow_insecure_ssl&quot;:false,&quot;imap_host&quot;:&quot;imap.gmail.com&quot;,&quot;imap_port&quot;:&quot;993&quot;,&quot;imap_security&quot;:&quot;SSL / TLS&quot;,&quot;imap_user_format&quot;:&quot;email&quot;,&quot;imap_username&quot;:&quot;ben@foundry376.com&quot;,&quot;smtp_allow_insecure_ssl&quot;:false,&quot;smtp_host&quot;:&quot;smtp.gmail.com&quot;,&quot;smtp_port&quot;:&quot;465&quot;,&quot;smtp_security&quot;:&quot;SSL / TLS&quot;,&quot;smtp_user_format&quot;:&quot;email&quot;,&quot;smtp_username&quot;:&quot;ben@foundry376.com&quot;,&quot;refresh_token&quot;:&quot;1/tKw-olwy-xIGgZskzESprC9-h6D-9X3u881rWHBzfC8&quot;},&quot;label&quot;:&quot;ben@foundry376.com&quot;,&quot;aliases&quot;:[],&quot;syncState&quot;:&quot;ok&quot;,&quot;syncError&quot;:null,&quot;__cls&quot;:&quot;Account&quot;}&apos;"
            isEnabled = "NO">
         </CommandLineArgument>
      </CommandLineArguments>
      <EnvironmentVariables>
         <EnvironmentVariable
            key = "CONFIG_DIR_PATH"
            value = "/Users/bengotow/Library/Application Support/Mailspring-dev"
            isEnabled = "YES">
         </EnvironmentVariable>
         <EnvironmentVariable
            key = "IDENTITY_SERVER"
            value = "http://Bens-MacBook-Pro.local:5101"
            isEnabled = "YES">
         </EnvironmentVariable>
      </EnvironmentVariables>
      <AdditionalOptions>
      </AdditionalOptions>
   </LaunchAction>
   <ProfileAction
      buildConfiguration = "Release"
      shouldUseLaunchSchemeArgsEnv = "YES"
      savedToolIdentifier = ""
      useCustomWorkingDirectory = "NO"
      debugDocumentVersioning = "YES">
      <BuildableProductRunnable
         runnableDebuggingMode = "0">
         <BuildableReference
            BuildableIdentifier = "primary"
            BlueprintIdentifier = "4364892F1EF2E905007816EC"
            BuildableName = "mailsync"
            BlueprintName = "mailsync"
            ReferencedContainer = "container:MailSync.xcodeproj">
         </BuildableReference>
      </BuildableProductRunnable>
   </ProfileAction>
   <AnalyzeAction
      buildConfiguration = "Debug">
   </AnalyzeAction>
   <ArchiveAction
      buildConfiguration = "Release"
      revealArchiveInOrganizer = "YES">
   </ArchiveAction>
</Scheme>
